
Microsoft Visual Studio Solution File, Format Version 12.00
# Visual Studio 15
VisualStudioVersion = 15.0.27428.2027
MinimumVisualStudioVersion = 10.0.40219.1
Project("{FAE04EC0-301F-11D3-BF4B-00C04F79EFBC}") = "dzewo_rekurencja", "dzewo_rekurencja\dzewo_rekurencja.csproj", "{940DB83E-52A7-40EB-982B-2DADE1A819C3}"
EndProject
Global
	GlobalSection(SolutionConfigurationPlatforms) = preSolution
		Debug|Any CPU = Debug|Any CPU
		Release|Any CPU = Release|Any CPU
	EndGlobalSection
	GlobalSection(ProjectConfigurationPlatforms) = postSolution
		{940DB83E-52A7-40EB-982B-2DADE1A819C3}.Debug|Any CPU.ActiveCfg = Debug|Any CPU
		{940DB83E-52A7-40EB-982B-2DADE1A819C3}.Debug|Any CPU.Build.0 = Debug|Any CPU
		{940DB83E-52A7-40EB-982B-2DADE1A819C3}.Release|Any CPU.ActiveCfg = Release|Any CPU
		{940DB83E-52A7-40EB-982B-2DADE1A819C3}.Release|Any CPU.Build.0 = Release|Any CPU
	EndGlobalSection
	GlobalSection(SolutionProperties) = preSolution
		HideSolutionNode = FALSE
	EndGlobalSection
	GlobalSection(ExtensibilityGlobals) = postSolution
		SolutionGuid = {0A681B81-37EF-4D03-A85B-86950DBBED9F}
	EndGlobalSection
EndGlobal
